
Microsoft Visual Studio Solution File, Format Version 12.00
# Visual Studio Version 16
VisualStudioVersion = 16.0.31025.194
MinimumVisualStudioVersion = 10.0.40219.1
Project("{FAE04EC0-301F-11D3-BF4B-00C04F79EFBC}") = "WinChartApp", "WinChartApp\WinChartApp.csproj", "{DE48C850-7EC1-43D5-810C-0834008689DC}"
EndProject
Project("{FAE04EC0-301F-11D3-BF4B-00C04F79EFBC}") = "ImageViewerApp", "ImageViewerApp\ImageViewerApp.csproj", "{A226B748-F719-4CA2-BAE0-10C6B11CFC97}"
EndProject
Project("{FAE04EC0-301F-11D3-BF4B-00C04F79EFBC}") = "AddressInfoApp", "AddressInfoApp\AddressInfoApp.csproj", "{3DDF5FE5-04B9-4921-BF34-205D6E7E6614}"
EndProject
Project("{FAE04EC0-301F-11D3-BF4B-00C04F79EFBC}") = "IoTSensorMonApp", "IoTSensorMonApp\IoTSensorMonApp.csproj", "{66AADFBB-BF37-4CD1-A7B4-DCDE9942E3C9}"
EndProject
Global
	GlobalSection(SolutionConfigurationPlatforms) = preSolution
		Debug|Any CPU = Debug|Any CPU
		Release|Any CPU = Release|Any CPU
	EndGlobalSection
	GlobalSection(ProjectConfigurationPlatforms) = postSolution
		{DE48C850-7EC1-43D5-810C-0834008689DC}.Debug|Any CPU.ActiveCfg = Debug|Any CPU
		{DE48C850-7EC1-43D5-810C-0834008689DC}.Debug|Any CPU.Build.0 = Debug|Any CPU
		{DE48C850-7EC1-43D5-810C-0834008689DC}.Release|Any CPU.ActiveCfg = Release|Any CPU
		{DE48C850-7EC1-43D5-810C-0834008689DC}.Release|Any CPU.Build.0 = Release|Any CPU
		{A226B748-F719-4CA2-BAE0-10C6B11CFC97}.Debug|Any CPU.ActiveCfg = Debug|Any CPU
		{A226B748-F719-4CA2-BAE0-10C6B11CFC97}.Debug|Any CPU.Build.0 = Debug|Any CPU
		{A226B748-F719-4CA2-BAE0-10C6B11CFC97}.Release|Any CPU.ActiveCfg = Release|Any CPU
		{A226B748-F719-4CA2-BAE0-10C6B11CFC97}.Release|Any CPU.Build.0 = Release|Any CPU
		{3DDF5FE5-04B9-4921-BF34-205D6E7E6614}.Debug|Any CPU.ActiveCfg = Debug|Any CPU
		{3DDF5FE5-04B9-4921-BF34-205D6E7E6614}.Debug|Any CPU.Build.0 = Debug|Any CPU
		{3DDF5FE5-04B9-4921-BF34-205D6E7E6614}.Release|Any CPU.ActiveCfg = Release|Any CPU
		{3DDF5FE5-04B9-4921-BF34-205D6E7E6614}.Release|Any CPU.Build.0 = Release|Any CPU
		{66AADFBB-BF37-4CD1-A7B4-DCDE9942E3C9}.Debug|Any CPU.ActiveCfg = Debug|Any CPU
		{66AADFBB-BF37-4CD1-A7B4-DCDE9942E3C9}.Debug|Any CPU.Build.0 = Debug|Any CPU
		{66AADFBB-BF37-4CD1-A7B4-DCDE9942E3C9}.Release|Any CPU.ActiveCfg = Release|Any CPU
		{66AADFBB-BF37-4CD1-A7B4-DCDE9942E3C9}.Release|Any CPU.Build.0 = Release|Any CPU
	EndGlobalSection
	GlobalSection(SolutionProperties) = preSolution
		HideSolutionNode = FALSE
	EndGlobalSection
	GlobalSection(ExtensibilityGlobals) = postSolution
		SolutionGuid = {6484846A-152A-4265-9E20-E440125B1B81}
	EndGlobalSection
EndGlobal
