
Microsoft Visual Studio Solution File, Format Version 12.00
# Visual Studio Version 16
VisualStudioVersion = 16.0.31025.194
MinimumVisualStudioVersion = 10.0.40219.1
Project("{FAE04EC0-301F-11D3-BF4B-00C04F79EFBC}") = "ListboxWinApp", "ListboxWinApp\ListboxWinApp.csproj", "{408C209F-31C7-4132-8744-DC140E8C69E1}"
EndProject
Project("{FAE04EC0-301F-11D3-BF4B-00C04F79EFBC}") = "RestaurantSelApp", "RestaurantSelApp\RestaurantSelApp.csproj", "{165EB42A-5223-4BD9-A92F-52D113C4DCF3}"
EndProject
Project("{FAE04EC0-301F-11D3-BF4B-00C04F79EFBC}") = "TravelWishApp", "TravelWishApp\TravelWishApp.csproj", "{BC7A791A-DA75-4C90-8467-7EA5006558DA}"
EndProject
Project("{FAE04EC0-301F-11D3-BF4B-00C04F79EFBC}") = "ListViewApp", "ListViewApp\ListViewApp.csproj", "{4B4C78D6-6DD6-4DB9-A492-C78B7D211F7B}"
EndProject
Project("{FAE04EC0-301F-11D3-BF4B-00C04F79EFBC}") = "StudyHistoryApp", "StudyHistoryApp\StudyHistoryApp.csproj", "{AD7E7FA7-6824-46FD-B978-38C02F028D4C}"
EndProject
Project("{FAE04EC0-301F-11D3-BF4B-00C04F79EFBC}") = "DigitalClockApp", "DigitalClockApp\DigitalClockApp.csproj", "{29386AAC-E9BA-4615-A8D8-9AF162EC2ED7}"
EndProject
Project("{FAE04EC0-301F-11D3-BF4B-00C04F79EFBC}") = "DateCalcApp", "DateCalcApp\DateCalcApp.csproj", "{9E6CFF41-C041-462F-87E0-E61CEF783873}"
EndProject
Project("{FAE04EC0-301F-11D3-BF4B-00C04F79EFBC}") = "DigitalAlarmClockApp", "DigitalAlarmClockApp\DigitalAlarmClockApp.csproj", "{6B21EAB3-2C1A-405F-89F5-C4B4D1E0D8A7}"
EndProject
Project("{FAE04EC0-301F-11D3-BF4B-00C04F79EFBC}") = "MoviePlayerApp", "MoviePlayerApp\MoviePlayerApp.csproj", "{C533EC7C-A20B-40D6-A378-A7F7226AD91A}"
EndProject
Project("{FAE04EC0-301F-11D3-BF4B-00C04F79EFBC}") = "TextViewerApp", "TextViewerApp\TextViewerApp.csproj", "{17D7698E-6263-452E-AA95-DFFD55E07629}"
EndProject
Project("{FAE04EC0-301F-11D3-BF4B-00C04F79EFBC}") = "SimpleGraphicEditor", "SimpleGraphicEditor\SimpleGraphicEditor.csproj", "{192F865C-AB64-460E-83B8-EF5C76A79CD8}"
EndProject
Project("{FAE04EC0-301F-11D3-BF4B-00C04F79EFBC}") = "HelloWpfApp", "HelloWpfApp\HelloWpfApp.csproj", "{787C2288-1D21-4F55-A3B3-274B4CC343C6}"
EndProject
Project("{FAE04EC0-301F-11D3-BF4B-00C04F79EFBC}") = "WpfLayoutApp", "WpfLayoutApp\WpfLayoutApp.csproj", "{B58C5AE9-C2A5-4B69-9126-EBB80F452933}"
EndProject
Project("{FAE04EC0-301F-11D3-BF4B-00C04F79EFBC}") = "BmiCalcApp", "BmiCalcApp\BmiCalcApp.csproj", "{CF3752E2-83A1-428D-B36B-ADF61F6EB48C}"
EndProject
Project("{FAE04EC0-301F-11D3-BF4B-00C04F79EFBC}") = "BlinkerApp", "BlinkerApp\BlinkerApp.csproj", "{9DE61162-7638-4B2F-B222-B7C1EAB9FA89}"
EndProject
Global
	GlobalSection(SolutionConfigurationPlatforms) = preSolution
		Debug|Any CPU = Debug|Any CPU
		Release|Any CPU = Release|Any CPU
	EndGlobalSection
	GlobalSection(ProjectConfigurationPlatforms) = postSolution
		{408C209F-31C7-4132-8744-DC140E8C69E1}.Debug|Any CPU.ActiveCfg = Debug|Any CPU
		{408C209F-31C7-4132-8744-DC140E8C69E1}.Debug|Any CPU.Build.0 = Debug|Any CPU
		{408C209F-31C7-4132-8744-DC140E8C69E1}.Release|Any CPU.ActiveCfg = Release|Any CPU
		{408C209F-31C7-4132-8744-DC140E8C69E1}.Release|Any CPU.Build.0 = Release|Any CPU
		{165EB42A-5223-4BD9-A92F-52D113C4DCF3}.Debug|Any CPU.ActiveCfg = Debug|Any CPU
		{165EB42A-5223-4BD9-A92F-52D113C4DCF3}.Debug|Any CPU.Build.0 = Debug|Any CPU
		{165EB42A-5223-4BD9-A92F-52D113C4DCF3}.Release|Any CPU.ActiveCfg = Release|Any CPU
		{165EB42A-5223-4BD9-A92F-52D113C4DCF3}.Release|Any CPU.Build.0 = Release|Any CPU
		{BC7A791A-DA75-4C90-8467-7EA5006558DA}.Debug|Any CPU.ActiveCfg = Debug|Any CPU
		{BC7A791A-DA75-4C90-8467-7EA5006558DA}.Debug|Any CPU.Build.0 = Debug|Any CPU
		{BC7A791A-DA75-4C90-8467-7EA5006558DA}.Release|Any CPU.ActiveCfg = Release|Any CPU
		{BC7A791A-DA75-4C90-8467-7EA5006558DA}.Release|Any CPU.Build.0 = Release|Any CPU
		{4B4C78D6-6DD6-4DB9-A492-C78B7D211F7B}.Debug|Any CPU.ActiveCfg = Debug|Any CPU
		{4B4C78D6-6DD6-4DB9-A492-C78B7D211F7B}.Debug|Any CPU.Build.0 = Debug|Any CPU
		{4B4C78D6-6DD6-4DB9-A492-C78B7D211F7B}.Release|Any CPU.ActiveCfg = Release|Any CPU
		{4B4C78D6-6DD6-4DB9-A492-C78B7D211F7B}.Release|Any CPU.Build.0 = Release|Any CPU
		{AD7E7FA7-6824-46FD-B978-38C02F028D4C}.Debug|Any CPU.ActiveCfg = Debug|Any CPU
		{AD7E7FA7-6824-46FD-B978-38C02F028D4C}.Debug|Any CPU.Build.0 = Debug|Any CPU
		{AD7E7FA7-6824-46FD-B978-38C02F028D4C}.Release|Any CPU.ActiveCfg = Release|Any CPU
		{AD7E7FA7-6824-46FD-B978-38C02F028D4C}.Release|Any CPU.Build.0 = Release|Any CPU
		{29386AAC-E9BA-4615-A8D8-9AF162EC2ED7}.Debug|Any CPU.ActiveCfg = Debug|Any CPU
		{29386AAC-E9BA-4615-A8D8-9AF162EC2ED7}.Debug|Any CPU.Build.0 = Debug|Any CPU
		{29386AAC-E9BA-4615-A8D8-9AF162EC2ED7}.Release|Any CPU.ActiveCfg = Release|Any CPU
		{29386AAC-E9BA-4615-A8D8-9AF162EC2ED7}.Release|Any CPU.Build.0 = Release|Any CPU
		{9E6CFF41-C041-462F-87E0-E61CEF783873}.Debug|Any CPU.ActiveCfg = Debug|Any CPU
		{9E6CFF41-C041-462F-87E0-E61CEF783873}.Debug|Any CPU.Build.0 = Debug|Any CPU
		{9E6CFF41-C041-462F-87E0-E61CEF783873}.Release|Any CPU.ActiveCfg = Release|Any CPU
		{9E6CFF41-C041-462F-87E0-E61CEF783873}.Release|Any CPU.Build.0 = Release|Any CPU
		{6B21EAB3-2C1A-405F-89F5-C4B4D1E0D8A7}.Debug|Any CPU.ActiveCfg = Debug|Any CPU
		{6B21EAB3-2C1A-405F-89F5-C4B4D1E0D8A7}.Debug|Any CPU.Build.0 = Debug|Any CPU
		{6B21EAB3-2C1A-405F-89F5-C4B4D1E0D8A7}.Release|Any CPU.ActiveCfg = Release|Any CPU
		{6B21EAB3-2C1A-405F-89F5-C4B4D1E0D8A7}.Release|Any CPU.Build.0 = Release|Any CPU
		{C533EC7C-A20B-40D6-A378-A7F7226AD91A}.Debug|Any CPU.ActiveCfg = Debug|Any CPU
		{C533EC7C-A20B-40D6-A378-A7F7226AD91A}.Debug|Any CPU.Build.0 = Debug|Any CPU
		{C533EC7C-A20B-40D6-A378-A7F7226AD91A}.Release|Any CPU.ActiveCfg = Release|Any CPU
		{C533EC7C-A20B-40D6-A378-A7F7226AD91A}.Release|Any CPU.Build.0 = Release|Any CPU
		{17D7698E-6263-452E-AA95-DFFD55E07629}.Debug|Any CPU.ActiveCfg = Debug|Any CPU
		{17D7698E-6263-452E-AA95-DFFD55E07629}.Debug|Any CPU.Build.0 = Debug|Any CPU
		{17D7698E-6263-452E-AA95-DFFD55E07629}.Release|Any CPU.ActiveCfg = Release|Any CPU
		{17D7698E-6263-452E-AA95-DFFD55E07629}.Release|Any CPU.Build.0 = Release|Any CPU
		{192F865C-AB64-460E-83B8-EF5C76A79CD8}.Debug|Any CPU.ActiveCfg = Debug|Any CPU
		{192F865C-AB64-460E-83B8-EF5C76A79CD8}.Debug|Any CPU.Build.0 = Debug|Any CPU
		{192F865C-AB64-460E-83B8-EF5C76A79CD8}.Release|Any CPU.ActiveCfg = Release|Any CPU
		{192F865C-AB64-460E-83B8-EF5C76A79CD8}.Release|Any CPU.Build.0 = Release|Any CPU
		{787C2288-1D21-4F55-A3B3-274B4CC343C6}.Debug|Any CPU.ActiveCfg = Debug|Any CPU
		{787C2288-1D21-4F55-A3B3-274B4CC343C6}.Debug|Any CPU.Build.0 = Debug|Any CPU
		{787C2288-1D21-4F55-A3B3-274B4CC343C6}.Release|Any CPU.ActiveCfg = Release|Any CPU
		{787C2288-1D21-4F55-A3B3-274B4CC343C6}.Release|Any CPU.Build.0 = Release|Any CPU
		{B58C5AE9-C2A5-4B69-9126-EBB80F452933}.Debug|Any CPU.ActiveCfg = Debug|Any CPU
		{B58C5AE9-C2A5-4B69-9126-EBB80F452933}.Debug|Any CPU.Build.0 = Debug|Any CPU
		{B58C5AE9-C2A5-4B69-9126-EBB80F452933}.Release|Any CPU.ActiveCfg = Release|Any CPU
		{B58C5AE9-C2A5-4B69-9126-EBB80F452933}.Release|Any CPU.Build.0 = Release|Any CPU
		{CF3752E2-83A1-428D-B36B-ADF61F6EB48C}.Debug|Any CPU.ActiveCfg = Debug|Any CPU
		{CF3752E2-83A1-428D-B36B-ADF61F6EB48C}.Debug|Any CPU.Build.0 = Debug|Any CPU
		{CF3752E2-83A1-428D-B36B-ADF61F6EB48C}.Release|Any CPU.ActiveCfg = Release|Any CPU
		{CF3752E2-83A1-428D-B36B-ADF61F6EB48C}.Release|Any CPU.Build.0 = Release|Any CPU
		{9DE61162-7638-4B2F-B222-B7C1EAB9FA89}.Debug|Any CPU.ActiveCfg = Debug|Any CPU
		{9DE61162-7638-4B2F-B222-B7C1EAB9FA89}.Debug|Any CPU.Build.0 = Debug|Any CPU
		{9DE61162-7638-4B2F-B222-B7C1EAB9FA89}.Release|Any CPU.ActiveCfg = Release|Any CPU
		{9DE61162-7638-4B2F-B222-B7C1EAB9FA89}.Release|Any CPU.Build.0 = Release|Any CPU
	EndGlobalSection
	GlobalSection(SolutionProperties) = preSolution
		HideSolutionNode = FALSE
	EndGlobalSection
	GlobalSection(ExtensibilityGlobals) = postSolution
		SolutionGuid = {C79F1DC9-56CD-4454-AFB5-AF7088BF8A68}
	EndGlobalSection
EndGlobal
