
Microsoft Visual Studio Solution File, Format Version 12.00
# Visual Studio Version 16
VisualStudioVersion = 16.0.31025.194
MinimumVisualStudioVersion = 10.0.40219.1
Project("{FAE04EC0-301F-11D3-BF4B-00C04F79EFBC}") = "WpfCalculatorApp", "WpfCalculatorApp\WpfCalculatorApp.csproj", "{51A4BF1C-1EB2-4E25-BB20-095041740262}"
EndProject
Global
	GlobalSection(SolutionConfigurationPlatforms) = preSolution
		Debug|Any CPU = Debug|Any CPU
		Release|Any CPU = Release|Any CPU
	EndGlobalSection
	GlobalSection(ProjectConfigurationPlatforms) = postSolution
		{51A4BF1C-1EB2-4E25-BB20-095041740262}.Debug|Any CPU.ActiveCfg = Debug|Any CPU
		{51A4BF1C-1EB2-4E25-BB20-095041740262}.Debug|Any CPU.Build.0 = Debug|Any CPU
		{51A4BF1C-1EB2-4E25-BB20-095041740262}.Release|Any CPU.ActiveCfg = Release|Any CPU
		{51A4BF1C-1EB2-4E25-BB20-095041740262}.Release|Any CPU.Build.0 = Release|Any CPU
	EndGlobalSection
	GlobalSection(SolutionProperties) = preSolution
		HideSolutionNode = FALSE
	EndGlobalSection
	GlobalSection(ExtensibilityGlobals) = postSolution
		SolutionGuid = {CF66182B-B248-41A3-899C-84C09BD981EB}
	EndGlobalSection
EndGlobal
